// !$*UTF8*$!
{
	archiveVersion = 1;
	classes = {
	};
	objectVersion = 46;
	objects = {

/* Begin PBXBuildFile section */
		90339FC31A8E14500048A799 /* AppDelegate.swift in Sources */ = {isa = PBXBuildFile; fileRef = 90339FC21A8E14500048A799 /* AppDelegate.swift */; };
		90339FC51A8E14500048A799 /* ViewController.swift in Sources */ = {isa = PBXBuildFile; fileRef = 90339FC41A8E14500048A799 /* ViewController.swift */; };
		90339FC81A8E14500048A799 /* Main.storyboard in Resources */ = {isa = PBXBuildFile; fileRef = 90339FC61A8E14500048A799 /* Main.storyboard */; };
		90339FCA1A8E14500048A799 /* Images.xcassets in Resources */ = {isa = PBXBuildFile; fileRef = 90339FC91A8E14500048A799 /* Images.xcassets */; };
		90339FCD1A8E14500048A799 /* LaunchScreen.xib in Resources */ = {isa = PBXBuildFile; fileRef = 90339FCB1A8E14500048A799 /* LaunchScreen.xib */; };
		90339FD91A8E14500048A799 /* iCloudBspTests.swift in Sources */ = {isa = PBXBuildFile; fileRef = 90339FD81A8E14500048A799 /* iCloudBspTests.swift */; };
/* End PBXBuildFile section */

/* Begin PBXContainerItemProxy section */
		90339FD31A8E14500048A799 /* PBXContainerItemProxy */ = {
			isa = PBXContainerItemProxy;
			containerPortal = 90339FB51A8E144F0048A799 /* Project object */;
			proxyType = 1;
			remoteGlobalIDString = 90339FBC1A8E144F0048A799;
			remoteInfo = iCloudBsp;
		};
/* End PBXContainerItemProxy section */

/* Begin PBXFileReference section */
		901F3A7C1A8F36EC00ECE558 /* iCloudBsp.entitlements */ = {isa = PBXFileReference; lastKnownFileType = text.xml; path = iCloudBsp.entitlements; sourceTree = "<group>"; };
		90339FBD1A8E144F0048A799 /* iCloudBsp.app */ = {isa = PBXFileReference; explicitFileType = wrapper.application; includeInIndex = 0; path = iCloudBsp.app; sourceTree = BUILT_PRODUCTS_DIR; };
		90339FC11A8E14500048A799 /* Info.plist */ = {isa = PBXFileReference; lastKnownFileType = text.plist.xml; path = Info.plist; sourceTree = "<group>"; };
		90339FC21A8E14500048A799 /* AppDelegate.swift */ = {isa = PBXFileReference; lastKnownFileType = sourcecode.swift; path = AppDelegate.swift; sourceTree = "<group>"; };
		90339FC41A8E14500048A799 /* ViewController.swift */ = {isa = PBXFileReference; lastKnownFileType = sourcecode.swift; path = ViewController.swift; sourceTree = "<group>"; };
		90339FC71A8E14500048A799 /* Base */ = {isa = PBXFileReference; lastKnownFileType = file.storyboard; name = Base; path = Base.lproj/Main.storyboard; sourceTree = "<group>"; };
		90339FC91A8E14500048A799 /* Images.xcassets */ = {isa = PBXFileReference; lastKnownFileType = folder.assetcatalog; path = Images.xcassets; sourceTree = "<group>"; };
		90339FCC1A8E14500048A799 /* Base */ = {isa = PBXFileReference; lastKnownFileType = file.xib; name = Base; path = Base.lproj/LaunchScreen.xib; sourceTree = "<group>"; };
		90339FD21A8E14500048A799 /* iCloudBspTests.xctest */ = {isa = PBXFileReference; explicitFileType = wrapper.cfbundle; includeInIndex = 0; path = iCloudBspTests.xctest; sourceTree = BUILT_PRODUCTS_DIR; };
		90339FD71A8E14500048A799 /* Info.plist */ = {isa = PBXFileReference; lastKnownFileType = text.plist.xml; path = Info.plist; sourceTree = "<group>"; };
		90339FD81A8E14500048A799 /* iCloudBspTests.swift */ = {isa = PBXFileReference; lastKnownFileType = sourcecode.swift; path = iCloudBspTests.swift; sourceTree = "<group>"; };
/* End PBXFileReference section */

/* Begin PBXFrameworksBuildPhase section */
		90339FBA1A8E144F0048A799 /* Frameworks */ = {
			isa = PBXFrameworksBuildPhase;
			buildActionMask = 2147483647;
			files = (
			);
			runOnlyForDeploymentPostprocessing = 0;
		};
		90339FCF1A8E14500048A799 /* Frameworks */ = {
			isa = PBXFrameworksBuildPhase;
			buildActionMask = 2147483647;
			files = (
			);
			runOnlyForDeploymentPostprocessing = 0;
		};
/* End PBXFrameworksBuildPhase section */

/* Begin PBXGroup section */
		90339FB41A8E144F0048A799 = {
			isa = PBXGroup;
			children = (
				90339FBF1A8E144F0048A799 /* iCloudBsp */,
				90339FD51A8E14500048A799 /* iCloudBspTests */,
				90339FBE1A8E144F0048A799 /* Products */,
			);
			sourceTree = "<group>";
		};
		90339FBE1A8E144F0048A799 /* Products */ = {
			isa = PBXGroup;
			children = (
				90339FBD1A8E144F0048A799 /* iCloudBsp.app */,
				90339FD21A8E14500048A799 /* iCloudBspTests.xctest */,
			);
			name = Products;
			sourceTree = "<group>";
		};
		90339FBF1A8E144F0048A799 /* iCloudBsp */ = {
			isa = PBXGroup;
			children = (
				901F3A7C1A8F36EC00ECE558 /* iCloudBsp.entitlements */,
				90339FC21A8E14500048A799 /* AppDelegate.swift */,
				90339FC41A8E14500048A799 /* ViewController.swift */,
				90339FC61A8E14500048A799 /* Main.storyboard */,
				90339FC91A8E14500048A799 /* Images.xcassets */,
				90339FCB1A8E14500048A799 /* LaunchScreen.xib */,
				90339FC01A8E14500048A799 /* Supporting Files */,
			);
			path = iCloudBsp;
			sourceTree = "<group>";
		};
		90339FC01A8E14500048A799 /* Supporting Files */ = {
			isa = PBXGroup;
			children = (
				90339FC11A8E14500048A799 /* Info.plist */,
			);
			name = "Supporting Files";
			sourceTree = "<group>";
		};
		90339FD51A8E14500048A799 /* iCloudBspTests */ = {
			isa = PBXGroup;
			children = (
				90339FD81A8E14500048A799 /* iCloudBspTests.swift */,
				90339FD61A8E14500048A799 /* Supporting Files */,
			);
			path = iCloudBspTests;
			sourceTree = "<group>";
		};
		90339FD61A8E14500048A799 /* Supporting Files */ = {
			isa = PBXGroup;
			children = (
				90339FD71A8E14500048A799 /* Info.plist */,
			);
			name = "Supporting Files";
			sourceTree = "<group>";
		};
/* End PBXGroup section */

/* Begin PBXNativeTarget section */
		90339FBC1A8E144F0048A799 /* iCloudBsp */ = {
			isa = PBXNativeTarget;
			buildConfigurationList = 90339FDC1A8E14500048A799 /* Build configuration list for PBXNativeTarget "iCloudBsp" */;
			buildPhases = (
				90339FB91A8E144F0048A799 /* Sources */,
				90339FBA1A8E144F0048A799 /* Frameworks */,
				90339FBB1A8E144F0048A799 /* Resources */,
			);
			buildRules = (
			);
			dependencies = (
			);
			name = iCloudBsp;
			productName = iCloudBsp;
			productReference = 90339FBD1A8E144F0048A799 /* iCloudBsp.app */;
			productType = "com.apple.product-type.application";
		};
		90339FD11A8E14500048A799 /* iCloudBspTests */ = {
			isa = PBXNativeTarget;
			buildConfigurationList = 90339FDF1A8E14500048A799 /* Build configuration list for PBXNativeTarget "iCloudBspTests" */;
			buildPhases = (
				90339FCE1A8E14500048A799 /* Sources */,
				90339FCF1A8E14500048A799 /* Frameworks */,
				90339FD01A8E14500048A799 /* Resources */,
			);
			buildRules = (
			);
			dependencies = (
				90339FD41A8E14500048A799 /* PBXTargetDependency */,
			);
			name = iCloudBspTests;
			productName = iCloudBspTests;
			productReference = 90339FD21A8E14500048A799 /* iCloudBspTests.xctest */;
			productType = "com.apple.product-type.bundle.unit-test";
		};
/* End PBXNativeTarget section */

/* Begin PBXProject section */
		90339FB51A8E144F0048A799 /* Project object */ = {
			isa = PBXProject;
			attributes = {
				LastSwiftUpdateCheck = 0700;
				LastUpgradeCheck = 0800;
				ORGANIZATIONNAME = "Christian Bleske";
				TargetAttributes = {
					90339FBC1A8E144F0048A799 = {
						CreatedOnToolsVersion = 6.2;
						DevelopmentTeam = B688N957UZ;
						LastSwiftMigration = 0800;
						SystemCapabilities = {
							com.apple.iCloud = {
								enabled = 1;
							};
						};
					};
					90339FD11A8E14500048A799 = {
						CreatedOnToolsVersion = 6.2;
						LastSwiftMigration = 0800;
						TestTargetID = 90339FBC1A8E144F0048A799;
					};
				};
			};
			buildConfigurationList = 90339FB81A8E144F0048A799 /* Build configuration list for PBXProject "iCloudBsp" */;
			compatibilityVersion = "Xcode 3.2";
			developmentRegion = English;
			hasScannedForEncodings = 0;
			knownRegions = (
				en,
				Base,
			);
			mainGroup = 90339FB41A8E144F0048A799;
			productRefGroup = 90339FBE1A8E144F0048A799 /* Products */;
			projectDirPath = "";
			projectRoot = "";
			targets = (
				90339FBC1A8E144F0048A799 /* iCloudBsp */,
				90339FD11A8E14500048A799 /* iCloudBspTests */,
			);
		};
/* End PBXProject section */

/* Begin PBXResourcesBuildPhase section */
		90339FBB1A8E144F0048A799 /* Resources */ = {
			isa = PBXResourcesBuildPhase;
			buildActionMask = 2147483647;
			files = (
				90339FC81A8E14500048A799 /* Main.storyboard in Resources */,
				90339FCD1A8E14500048A799 /* LaunchScreen.xib in Resources */,
				90339FCA1A8E14500048A799 /* Images.xcassets in Resources */,
			);
			runOnlyForDeploymentPostprocessing = 0;
		};
		90339FD01A8E14500048A799 /* Resources */ = {
			isa = PBXResourcesBuildPhase;
			buildActionMask = 2147483647;
			files = (
			);
			runOnlyForDeploymentPostprocessing = 0;
		};
/* End PBXResourcesBuildPhase section */

/* Begin PBXSourcesBuildPhase section */
		90339FB91A8E144F0048A799 /* Sources */ = {
			isa = PBXSourcesBuildPhase;
			buildActionMask = 2147483647;
			files = (
				90339FC51A8E14500048A799 /* ViewController.swift in Sources */,
				90339FC31A8E14500048A799 /* AppDelegate.swift in Sources */,
			);
			runOnlyForDeploymentPostprocessing = 0;
		};
		90339FCE1A8E14500048A799 /* Sources */ = {
			isa = PBXSourcesBuildPhase;
			buildActionMask = 2147483647;
			files = (
				90339FD91A8E14500048A799 /* iCloudBspTests.swift in Sources */,
			);
			runOnlyForDeploymentPostprocessing = 0;
		};
/* End PBXSourcesBuildPhase section */

/* Begin PBXTargetDependency section */
		90339FD41A8E14500048A799 /* PBXTargetDependency */ = {
			isa = PBXTargetDependency;
			target = 90339FBC1A8E144F0048A799 /* iCloudBsp */;
			targetProxy = 90339FD31A8E14500048A799 /* PBXContainerItemProxy */;
		};
/* End PBXTargetDependency section */

/* Begin PBXVariantGroup section */
		90339FC61A8E14500048A799 /* Main.storyboard */ = {
			isa = PBXVariantGroup;
			children = (
				90339FC71A8E14500048A799 /* Base */,
			);
			name = Main.storyboard;
			sourceTree = "<group>";
		};
		90339FCB1A8E14500048A799 /* LaunchScreen.xib */ = {
			isa = PBXVariantGroup;
			children = (
				90339FCC1A8E14500048A799 /* Base */,
			);
			name = LaunchScreen.xib;
			sourceTree = "<group>";
		};
/* End PBXVariantGroup section */

/* Begin XCBuildConfiguration section */
		90339FDA1A8E14500048A799 /* Debug */ = {
			isa = XCBuildConfiguration;
			buildSettings = {
				ALWAYS_SEARCH_USER_PATHS = NO;
				CLANG_CXX_LANGUAGE_STANDARD = "gnu++0x";
				CLANG_CXX_LIBRARY = "libc++";
				CLANG_ENABLE_MODULES = YES;
				CLANG_ENABLE_OBJC_ARC = YES;
				CLANG_WARN_BOOL_CONVERSION = YES;
				CLANG_WARN_CONSTANT_CONVERSION = YES;
				CLANG_WARN_DIRECT_OBJC_ISA_USAGE = YES_ERROR;
				CLANG_WARN_EMPTY_BODY = YES;
				CLANG_WARN_ENUM_CONVERSION = YES;
				CLANG_WARN_INT_CONVERSION = YES;
				CLANG_WARN_OBJC_ROOT_CLASS = YES_ERROR;
				CLANG_WARN_UNREACHABLE_CODE = YES;
				CLANG_WARN__DUPLICATE_METHOD_MATCH = YES;
				"CODE_SIGN_IDENTITY[sdk=iphoneos*]" = "iPhone Developer";
				COPY_PHASE_STRIP = NO;
				ENABLE_STRICT_OBJC_MSGSEND = YES;
				ENABLE_TESTABILITY = YES;
				GCC_C_LANGUAGE_STANDARD = gnu99;
				GCC_DYNAMIC_NO_PIC = NO;
				GCC_NO_COMMON_BLOCKS = YES;
				GCC_OPTIMIZATION_LEVEL = 0;
				GCC_PREPROCESSOR_DEFINITIONS = (
					"DEBUG=1",
					"$(inherited)",
				);
				GCC_SYMBOLS_PRIVATE_EXTERN = NO;
				GCC_WARN_64_TO_32_BIT_CONVERSION = YES;
				GCC_WARN_ABOUT_RETURN_TYPE = YES_ERROR;
				GCC_WARN_UNDECLARED_SELECTOR = YES;
				GCC_WARN_UNINITIALIZED_AUTOS = YES_AGGRESSIVE;
				GCC_WARN_UNUSED_FUNCTION = YES;
				GCC_WARN_UNUSED_VARIABLE = YES;
				IPHONEOS_DEPLOYMENT_TARGET = 9.3;
				MTL_ENABLE_DEBUG_INFO = YES;
				ONLY_ACTIVE_ARCH = YES;
				SDKROOT = iphoneos;
				SWIFT_OPTIMIZATION_LEVEL = "-Onone";
			};
			name = Debug;
		};
		90339FDB1A8E14500048A799 /* Release */ = {
			isa = XCBuildConfiguration;
			buildSettings = {
				ALWAYS_SEARCH_USER_PATHS = NO;
				CLANG_CXX_LANGUAGE_STANDARD = "gnu++0x";
				CLANG_CXX_LIBRARY = "libc++";
				CLANG_ENABLE_MODULES = YES;
				CLANG_ENABLE_OBJC_ARC = YES;
				CLANG_WARN_BOOL_CONVERSION = YES;
				CLANG_WARN_CONSTANT_CONVERSION = YES;
				CLANG_WARN_DIRECT_OBJC_ISA_USAGE = YES_ERROR;
				CLANG_WARN_EMPTY_BODY = YES;
				CLANG_WARN_ENUM_CONVERSION = YES;
				CLANG_WARN_INT_CONVERSION = YES;
				CLANG_WARN_OBJC_ROOT_CLASS = YES_ERROR;
				CLANG_WARN_UNREACHABLE_CODE = YES;
				CLANG_WARN__DUPLICATE_METHOD_MATCH = YES;
				"CODE_SIGN_IDENTITY[sdk=iphoneos*]" = "iPhone Developer";
				COPY_PHASE_STRIP = NO;
				ENABLE_NS_ASSERTIONS = NO;
				ENABLE_STRICT_OBJC_MSGSEND = YES;
				GCC_C_LANGUAGE_STANDARD = gnu99;
				GCC_NO_COMMON_BLOCKS = YES;
				GCC_WARN_64_TO_32_BIT_CONVERSION = YES;
				GCC_WARN_ABOUT_RETURN_TYPE = YES_ERROR;
				GCC_WARN_UNDECLARED_SELECTOR = YES;
				GCC_WARN_UNINITIALIZED_AUTOS = YES_AGGRESSIVE;
				GCC_WARN_UNUSED_FUNCTION = YES;
				GCC_WARN_UNUSED_VARIABLE = YES;
				IPHONEOS_DEPLOYMENT_TARGET = 9.3;
				MTL_ENABLE_DEBUG_INFO = NO;
				SDKROOT = iphoneos;
				VALIDATE_PRODUCT = YES;
			};
			name = Release;
		};
		90339FDD1A8E14500048A799 /* Debug */ = {
			isa = XCBuildConfiguration;
			buildSettings = {
				ASSETCATALOG_COMPILER_APPICON_NAME = AppIcon;
				CODE_SIGN_ENTITLEMENTS = iCloudBsp/iCloudBsp.entitlements;
				INFOPLIST_FILE = iCloudBsp/Info.plist;
				IPHONEOS_DEPLOYMENT_TARGET = 9.3;
				LD_RUNPATH_SEARCH_PATHS = "$(inherited) @executable_path/Frameworks";
				PRODUCT_BUNDLE_IDENTIFIER = "com.christianbleske.$(PRODUCT_NAME:rfc1034identifier)";
				PRODUCT_NAME = "$(TARGET_NAME)";
				SWIFT_VERSION = 3.0;
			};
			name = Debug;
		};
		90339FDE1A8E14500048A799 /* Release */ = {
			isa = XCBuildConfiguration;
			buildSettings = {
				ASSETCATALOG_COMPILER_APPICON_NAME = AppIcon;
				CODE_SIGN_ENTITLEMENTS = iCloudBsp/iCloudBsp.entitlements;
				INFOPLIST_FILE = iCloudBsp/Info.plist;
				IPHONEOS_DEPLOYMENT_TARGET = 9.3;
				LD_RUNPATH_SEARCH_PATHS = "$(inherited) @executable_path/Frameworks";
				PRODUCT_BUNDLE_IDENTIFIER = "com.christianbleske.$(PRODUCT_NAME:rfc1034identifier)";
				PRODUCT_NAME = "$(TARGET_NAME)";
				SWIFT_OPTIMIZATION_LEVEL = "-Owholemodule";
				SWIFT_VERSION = 3.0;
			};
			name = Release;
		};
		90339FE01A8E14500048A799 /* Debug */ = {
			isa = XCBuildConfiguration;
			buildSettings = {
				BUNDLE_LOADER = "$(TEST_HOST)";
				GCC_PREPROCESSOR_DEFINITIONS = (
					"DEBUG=1",
					"$(inherited)",
				);
				INFOPLIST_FILE = iCloudBspTests/Info.plist;
				LD_RUNPATH_SEARCH_PATHS = "$(inherited) @executable_path/Frameworks @loader_path/Frameworks";
				PRODUCT_BUNDLE_IDENTIFIER = "com.christianbleske.$(PRODUCT_NAME:rfc1034identifier)";
				PRODUCT_NAME = "$(TARGET_NAME)";
				SWIFT_VERSION = 3.0;
				TEST_HOST = "$(BUILT_PRODUCTS_DIR)/iCloudBsp.app/iCloudBsp";
			};
			name = Debug;
		};
		90339FE11A8E14500048A799 /* Release */ = {
			isa = XCBuildConfiguration;
			buildSettings = {
				BUNDLE_LOADER = "$(TEST_HOST)";
				INFOPLIST_FILE = iCloudBspTests/Info.plist;
				LD_RUNPATH_SEARCH_PATHS = "$(inherited) @executable_path/Frameworks @loader_path/Frameworks";
				PRODUCT_BUNDLE_IDENTIFIER = "com.christianbleske.$(PRODUCT_NAME:rfc1034identifier)";
				PRODUCT_NAME = "$(TARGET_NAME)";
				SWIFT_OPTIMIZATION_LEVEL = "-Owholemodule";
				SWIFT_VERSION = 3.0;
				TEST_HOST = "$(BUILT_PRODUCTS_DIR)/iCloudBsp.app/iCloudBsp";
			};
			name = Release;
		};
/* End XCBuildConfiguration section */

/* Begin XCConfigurationList section */
		90339FB81A8E144F0048A799 /* Build configuration list for PBXProject "iCloudBsp" */ = {
			isa = XCConfigurationList;
			buildConfigurations = (
				90339FDA1A8E14500048A799 /* Debug */,
				90339FDB1A8E14500048A799 /* Release */,
			);
			defaultConfigurationIsVisible = 0;
			defaultConfigurationName = Release;
		};
		90339FDC1A8E14500048A799 /* Build configuration list for PBXNativeTarget "iCloudBsp" */ = {
			isa = XCConfigurationList;
			buildConfigurations = (
				90339FDD1A8E14500048A799 /* Debug */,
				90339FDE1A8E14500048A799 /* Release */,
			);
			defaultConfigurationIsVisible = 0;
			defaultConfigurationName = Release;
		};
		90339FDF1A8E14500048A799 /* Build configuration list for PBXNativeTarget "iCloudBspTests" */ = {
			isa = XCConfigurationList;
			buildConfigurations = (
				90339FE01A8E14500048A799 /* Debug */,
				90339FE11A8E14500048A799 /* Release */,
			);
			defaultConfigurationIsVisible = 0;
			defaultConfigurationName = Release;
		};
/* End XCConfigurationList section */
	};
	rootObject = 90339FB51A8E144F0048A799 /* Project object */;
}
